
Microsoft Visual Studio Solution File, Format Version 12.00
# Visual Studio 14
VisualStudioVersion = 14.0.23107.0
MinimumVisualStudioVersion = 10.0.40219.1
Project("{FAE04EC0-301F-11D3-BF4B-00C04F79EFBC}") = "AzureCycle.OnPrem.ConsoleApplication", "AzureCycle.OnPrem.ConsoleApplication\AzureCycle.OnPrem.ConsoleApplication.csproj", "{14B9490D-7064-4A16-BAFF-695AA5C57A1E}"
EndProject
Project("{FAE04EC0-301F-11D3-BF4B-00C04F79EFBC}") = "AzureCycle.OnPrem.Core", "AzureCycle.OnPrem.Core\AzureCycle.OnPrem.Core.csproj", "{EDA38789-E4F6-4F8D-9239-7E08DEA30C49}"
EndProject
Project("{CC5FD16D-436D-48AD-A40C-5A424C6E3E79}") = "AzureCycle.Cloud.WorkerRoleRegistration", "AzureCycle.Cloud.WorkerRoleRegistration\AzureCycle.Cloud.WorkerRoleRegistration.ccproj", "{9A304EFE-9DBD-4FAD-A814-17B09499C032}"
EndProject
Project("{FAE04EC0-301F-11D3-BF4B-00C04F79EFBC}") = "AzureCycle.Cloud.WorkerRole", "AzureCycle.Cloud.WorkerRole\AzureCycle.Cloud.WorkerRole.csproj", "{609F11E4-6B9E-41C5-BC6A-18228D56E22D}"
EndProject
Project("{2150E333-8FDC-42A3-9474-1A3956D46DE8}") = "Cloud", "Cloud", "{E5D8ABA6-4544-48D9-83F0-72C135719A50}"
EndProject
Project("{2150E333-8FDC-42A3-9474-1A3956D46DE8}") = "OnPrem", "OnPrem", "{25CA326F-14A5-49AB-83C9-F468D06940B3}"
EndProject
Global
	GlobalSection(SolutionConfigurationPlatforms) = preSolution
		Debug|Any CPU = Debug|Any CPU
		Release|Any CPU = Release|Any CPU
	EndGlobalSection
	GlobalSection(ProjectConfigurationPlatforms) = postSolution
		{14B9490D-7064-4A16-BAFF-695AA5C57A1E}.Debug|Any CPU.ActiveCfg = Debug|Any CPU
		{14B9490D-7064-4A16-BAFF-695AA5C57A1E}.Debug|Any CPU.Build.0 = Debug|Any CPU
		{14B9490D-7064-4A16-BAFF-695AA5C57A1E}.Release|Any CPU.ActiveCfg = Release|Any CPU
		{14B9490D-7064-4A16-BAFF-695AA5C57A1E}.Release|Any CPU.Build.0 = Release|Any CPU
		{EDA38789-E4F6-4F8D-9239-7E08DEA30C49}.Debug|Any CPU.ActiveCfg = Debug|Any CPU
		{EDA38789-E4F6-4F8D-9239-7E08DEA30C49}.Debug|Any CPU.Build.0 = Debug|Any CPU
		{EDA38789-E4F6-4F8D-9239-7E08DEA30C49}.Release|Any CPU.ActiveCfg = Release|Any CPU
		{EDA38789-E4F6-4F8D-9239-7E08DEA30C49}.Release|Any CPU.Build.0 = Release|Any CPU
		{9A304EFE-9DBD-4FAD-A814-17B09499C032}.Debug|Any CPU.ActiveCfg = Debug|Any CPU
		{9A304EFE-9DBD-4FAD-A814-17B09499C032}.Debug|Any CPU.Build.0 = Debug|Any CPU
		{9A304EFE-9DBD-4FAD-A814-17B09499C032}.Release|Any CPU.ActiveCfg = Release|Any CPU
		{9A304EFE-9DBD-4FAD-A814-17B09499C032}.Release|Any CPU.Build.0 = Release|Any CPU
		{609F11E4-6B9E-41C5-BC6A-18228D56E22D}.Debug|Any CPU.ActiveCfg = Debug|Any CPU
		{609F11E4-6B9E-41C5-BC6A-18228D56E22D}.Debug|Any CPU.Build.0 = Debug|Any CPU
		{609F11E4-6B9E-41C5-BC6A-18228D56E22D}.Release|Any CPU.ActiveCfg = Release|Any CPU
		{609F11E4-6B9E-41C5-BC6A-18228D56E22D}.Release|Any CPU.Build.0 = Release|Any CPU
	EndGlobalSection
	GlobalSection(SolutionProperties) = preSolution
		HideSolutionNode = FALSE
	EndGlobalSection
	GlobalSection(NestedProjects) = preSolution
		{14B9490D-7064-4A16-BAFF-695AA5C57A1E} = {25CA326F-14A5-49AB-83C9-F468D06940B3}
		{EDA38789-E4F6-4F8D-9239-7E08DEA30C49} = {25CA326F-14A5-49AB-83C9-F468D06940B3}
		{9A304EFE-9DBD-4FAD-A814-17B09499C032} = {E5D8ABA6-4544-48D9-83F0-72C135719A50}
		{609F11E4-6B9E-41C5-BC6A-18228D56E22D} = {E5D8ABA6-4544-48D9-83F0-72C135719A50}
	EndGlobalSection
EndGlobal
